// !$*UTF8*$!
{
	archiveVersion = 1;
	classes = {
	};
	objectVersion = 50;
	objects = {

/* Begin PBXBuildFile section */
		4A76542F273998630020A7BA /* CustomSegment_SwiftUIApp.swift in Sources */ = {isa = PBXBuildFile; fileRef = 4A76542E273998630020A7BA /* CustomSegment_SwiftUIApp.swift */; };
		4A765431273998630020A7BA /* ContentView.swift in Sources */ = {isa = PBXBuildFile; fileRef = 4A765430273998630020A7BA /* ContentView.swift */; };
		4A765433273998650020A7BA /* Assets.xcassets in Resources */ = {isa = PBXBuildFile; fileRef = 4A765432273998650020A7BA /* Assets.xcassets */; };
		4A765436273998650020A7BA /* Preview Assets.xcassets in Resources */ = {isa = PBXBuildFile; fileRef = 4A765435273998650020A7BA /* Preview Assets.xcassets */; };
		4A765441273998660020A7BA /* CustomSegment_SwiftUITests.swift in Sources */ = {isa = PBXBuildFile; fileRef = 4A765440273998660020A7BA /* CustomSegment_SwiftUITests.swift */; };
		4A76544C273998660020A7BA /* CustomSegment_SwiftUIUITests.swift in Sources */ = {isa = PBXBuildFile; fileRef = 4A76544B273998660020A7BA /* CustomSegment_SwiftUIUITests.swift */; };
		4A76545E273999120020A7BA /* CustomSegmentView.swift in Sources */ = {isa = PBXBuildFile; fileRef = 4A76545D273999110020A7BA /* CustomSegmentView.swift */; };
		4A765466273999A90020A7BA /* SegmentTabView.swift in Sources */ = {isa = PBXBuildFile; fileRef = 4A765465273999A90020A7BA /* SegmentTabView.swift */; };
/* End PBXBuildFile section */

/* Begin PBXContainerItemProxy section */
		4A76543D273998660020A7BA /* PBXContainerItemProxy */ = {
			isa = PBXContainerItemProxy;
			containerPortal = 4A765423273998630020A7BA /* Project object */;
			proxyType = 1;
			remoteGlobalIDString = 4A76542A273998630020A7BA;
			remoteInfo = "CustomSegment-SwiftUI";
		};
		4A765448273998660020A7BA /* PBXContainerItemProxy */ = {
			isa = PBXContainerItemProxy;
			containerPortal = 4A765423273998630020A7BA /* Project object */;
			proxyType = 1;
			remoteGlobalIDString = 4A76542A273998630020A7BA;
			remoteInfo = "CustomSegment-SwiftUI";
		};
/* End PBXContainerItemProxy section */

/* Begin PBXFileReference section */
		4A76542B273998630020A7BA /* CustomSegment-SwiftUI.app */ = {isa = PBXFileReference; explicitFileType = wrapper.application; includeInIndex = 0; path = "CustomSegment-SwiftUI.app"; sourceTree = BUILT_PRODUCTS_DIR; };
		4A76542E273998630020A7BA /* CustomSegment_SwiftUIApp.swift */ = {isa = PBXFileReference; lastKnownFileType = sourcecode.swift; path = CustomSegment_SwiftUIApp.swift; sourceTree = "<group>"; };
		4A765430273998630020A7BA /* ContentView.swift */ = {isa = PBXFileReference; lastKnownFileType = sourcecode.swift; path = ContentView.swift; sourceTree = "<group>"; };
		4A765432273998650020A7BA /* Assets.xcassets */ = {isa = PBXFileReference; lastKnownFileType = folder.assetcatalog; path = Assets.xcassets; sourceTree = "<group>"; };
		4A765435273998650020A7BA /* Preview Assets.xcassets */ = {isa = PBXFileReference; lastKnownFileType = folder.assetcatalog; path = "Preview Assets.xcassets"; sourceTree = "<group>"; };
		4A765437273998650020A7BA /* Info.plist */ = {isa = PBXFileReference; lastKnownFileType = text.plist.xml; path = Info.plist; sourceTree = "<group>"; };
		4A76543C273998660020A7BA /* CustomSegment-SwiftUITests.xctest */ = {isa = PBXFileReference; explicitFileType = wrapper.cfbundle; includeInIndex = 0; path = "CustomSegment-SwiftUITests.xctest"; sourceTree = BUILT_PRODUCTS_DIR; };
		4A765440273998660020A7BA /* CustomSegment_SwiftUITests.swift */ = {isa = PBXFileReference; lastKnownFileType = sourcecode.swift; path = CustomSegment_SwiftUITests.swift; sourceTree = "<group>"; };
		4A765442273998660020A7BA /* Info.plist */ = {isa = PBXFileReference; lastKnownFileType = text.plist.xml; path = Info.plist; sourceTree = "<group>"; };
		4A765447273998660020A7BA /* CustomSegment-SwiftUIUITests.xctest */ = {isa = PBXFileReference; explicitFileType = wrapper.cfbundle; includeInIndex = 0; path = "CustomSegment-SwiftUIUITests.xctest"; sourceTree = BUILT_PRODUCTS_DIR; };
		4A76544B273998660020A7BA /* CustomSegment_SwiftUIUITests.swift */ = {isa = PBXFileReference; lastKnownFileType = sourcecode.swift; path = CustomSegment_SwiftUIUITests.swift; sourceTree = "<group>"; };
		4A76544D273998660020A7BA /* Info.plist */ = {isa = PBXFileReference; lastKnownFileType = text.plist.xml; path = Info.plist; sourceTree = "<group>"; };
		4A76545D273999110020A7BA /* CustomSegmentView.swift */ = {isa = PBXFileReference; lastKnownFileType = sourcecode.swift; path = CustomSegmentView.swift; sourceTree = "<group>"; };
		4A765465273999A90020A7BA /* SegmentTabView.swift */ = {isa = PBXFileReference; lastKnownFileType = sourcecode.swift; path = SegmentTabView.swift; sourceTree = "<group>"; };
/* End PBXFileReference section */

/* Begin PBXFrameworksBuildPhase section */
		4A765428273998630020A7BA /* Frameworks */ = {
			isa = PBXFrameworksBuildPhase;
			buildActionMask = 2147483647;
			files = (
			);
			runOnlyForDeploymentPostprocessing = 0;
		};
		4A765439273998660020A7BA /* Frameworks */ = {
			isa = PBXFrameworksBuildPhase;
			buildActionMask = 2147483647;
			files = (
			);
			runOnlyForDeploymentPostprocessing = 0;
		};
		4A765444273998660020A7BA /* Frameworks */ = {
			isa = PBXFrameworksBuildPhase;
			buildActionMask = 2147483647;
			files = (
			);
			runOnlyForDeploymentPostprocessing = 0;
		};
/* End PBXFrameworksBuildPhase section */

/* Begin PBXGroup section */
		4A765422273998630020A7BA = {
			isa = PBXGroup;
			children = (
				4A76542D273998630020A7BA /* CustomSegment-SwiftUI */,
				4A76543F273998660020A7BA /* CustomSegment-SwiftUITests */,
				4A76544A273998660020A7BA /* CustomSegment-SwiftUIUITests */,
				4A76542C273998630020A7BA /* Products */,
			);
			sourceTree = "<group>";
		};
		4A76542C273998630020A7BA /* Products */ = {
			isa = PBXGroup;
			children = (
				4A76542B273998630020A7BA /* CustomSegment-SwiftUI.app */,
				4A76543C273998660020A7BA /* CustomSegment-SwiftUITests.xctest */,
				4A765447273998660020A7BA /* CustomSegment-SwiftUIUITests.xctest */,
			);
			name = Products;
			sourceTree = "<group>";
		};
		4A76542D273998630020A7BA /* CustomSegment-SwiftUI */ = {
			isa = PBXGroup;
			children = (
				4A76545C273998FE0020A7BA /* Views */,
				4A76542E273998630020A7BA /* CustomSegment_SwiftUIApp.swift */,
				4A765430273998630020A7BA /* ContentView.swift */,
				4A765432273998650020A7BA /* Assets.xcassets */,
				4A765437273998650020A7BA /* Info.plist */,
				4A765434273998650020A7BA /* Preview Content */,
			);
			path = "CustomSegment-SwiftUI";
			sourceTree = "<group>";
		};
		4A765434273998650020A7BA /* Preview Content */ = {
			isa = PBXGroup;
			children = (
				4A765435273998650020A7BA /* Preview Assets.xcassets */,
			);
			path = "Preview Content";
			sourceTree = "<group>";
		};
		4A76543F273998660020A7BA /* CustomSegment-SwiftUITests */ = {
			isa = PBXGroup;
			children = (
				4A765440273998660020A7BA /* CustomSegment_SwiftUITests.swift */,
				4A765442273998660020A7BA /* Info.plist */,
			);
			path = "CustomSegment-SwiftUITests";
			sourceTree = "<group>";
		};
		4A76544A273998660020A7BA /* CustomSegment-SwiftUIUITests */ = {
			isa = PBXGroup;
			children = (
				4A76544B273998660020A7BA /* CustomSegment_SwiftUIUITests.swift */,
				4A76544D273998660020A7BA /* Info.plist */,
			);
			path = "CustomSegment-SwiftUIUITests";
			sourceTree = "<group>";
		};
		4A76545C273998FE0020A7BA /* Views */ = {
			isa = PBXGroup;
			children = (
				4A76545D273999110020A7BA /* CustomSegmentView.swift */,
				4A765465273999A90020A7BA /* SegmentTabView.swift */,
			);
			path = Views;
			sourceTree = "<group>";
		};
/* End PBXGroup section */

/* Begin PBXNativeTarget section */
		4A76542A273998630020A7BA /* CustomSegment-SwiftUI */ = {
			isa = PBXNativeTarget;
			buildConfigurationList = 4A765450273998660020A7BA /* Build configuration list for PBXNativeTarget "CustomSegment-SwiftUI" */;
			buildPhases = (
				4A765427273998630020A7BA /* Sources */,
				4A765428273998630020A7BA /* Frameworks */,
				4A765429273998630020A7BA /* Resources */,
			);
			buildRules = (
			);
			dependencies = (
			);
			name = "CustomSegment-SwiftUI";
			productName = "CustomSegment-SwiftUI";
			productReference = 4A76542B273998630020A7BA /* CustomSegment-SwiftUI.app */;
			productType = "com.apple.product-type.application";
		};
		4A76543B273998660020A7BA /* CustomSegment-SwiftUITests */ = {
			isa = PBXNativeTarget;
			buildConfigurationList = 4A765453273998660020A7BA /* Build configuration list for PBXNativeTarget "CustomSegment-SwiftUITests" */;
			buildPhases = (
				4A765438273998660020A7BA /* Sources */,
				4A765439273998660020A7BA /* Frameworks */,
				4A76543A273998660020A7BA /* Resources */,
			);
			buildRules = (
			);
			dependencies = (
				4A76543E273998660020A7BA /* PBXTargetDependency */,
			);
			name = "CustomSegment-SwiftUITests";
			productName = "CustomSegment-SwiftUITests";
			productReference = 4A76543C273998660020A7BA /* CustomSegment-SwiftUITests.xctest */;
			productType = "com.apple.product-type.bundle.unit-test";
		};
		4A765446273998660020A7BA /* CustomSegment-SwiftUIUITests */ = {
			isa = PBXNativeTarget;
			buildConfigurationList = 4A765456273998660020A7BA /* Build configuration list for PBXNativeTarget "CustomSegment-SwiftUIUITests" */;
			buildPhases = (
				4A765443273998660020A7BA /* Sources */,
				4A765444273998660020A7BA /* Frameworks */,
				4A765445273998660020A7BA /* Resources */,
			);
			buildRules = (
			);
			dependencies = (
				4A765449273998660020A7BA /* PBXTargetDependency */,
			);
			name = "CustomSegment-SwiftUIUITests";
			productName = "CustomSegment-SwiftUIUITests";
			productReference = 4A765447273998660020A7BA /* CustomSegment-SwiftUIUITests.xctest */;
			productType = "com.apple.product-type.bundle.ui-testing";
		};
/* End PBXNativeTarget section */

/* Begin PBXProject section */
		4A765423273998630020A7BA /* Project object */ = {
			isa = PBXProject;
			attributes = {
				LastSwiftUpdateCheck = 1240;
				LastUpgradeCheck = 1240;
				TargetAttributes = {
					4A76542A273998630020A7BA = {
						CreatedOnToolsVersion = 12.4;
					};
					4A76543B273998660020A7BA = {
						CreatedOnToolsVersion = 12.4;
						TestTargetID = 4A76542A273998630020A7BA;
					};
					4A765446273998660020A7BA = {
						CreatedOnToolsVersion = 12.4;
						TestTargetID = 4A76542A273998630020A7BA;
					};
				};
			};
			buildConfigurationList = 4A765426273998630020A7BA /* Build configuration list for PBXProject "CustomSegment-SwiftUI" */;
			compatibilityVersion = "Xcode 9.3";
			developmentRegion = en;
			hasScannedForEncodings = 0;
			knownRegions = (
				en,
				Base,
			);
			mainGroup = 4A765422273998630020A7BA;
			productRefGroup = 4A76542C273998630020A7BA /* Products */;
			projectDirPath = "";
			projectRoot = "";
			targets = (
				4A76542A273998630020A7BA /* CustomSegment-SwiftUI */,
				4A76543B273998660020A7BA /* CustomSegment-SwiftUITests */,
				4A765446273998660020A7BA /* CustomSegment-SwiftUIUITests */,
			);
		};
/* End PBXProject section */

/* Begin PBXResourcesBuildPhase section */
		4A765429273998630020A7BA /* Resources */ = {
			isa = PBXResourcesBuildPhase;
			buildActionMask = 2147483647;
			files = (
				4A765436273998650020A7BA /* Preview Assets.xcassets in Resources */,
				4A765433273998650020A7BA /* Assets.xcassets in Resources */,
			);
			runOnlyForDeploymentPostprocessing = 0;
		};
		4A76543A273998660020A7BA /* Resources */ = {
			isa = PBXResourcesBuildPhase;
			buildActionMask = 2147483647;
			files = (
			);
			runOnlyForDeploymentPostprocessing = 0;
		};
		4A765445273998660020A7BA /* Resources */ = {
			isa = PBXResourcesBuildPhase;
			buildActionMask = 2147483647;
			files = (
			);
			runOnlyForDeploymentPostprocessing = 0;
		};
/* End PBXResourcesBuildPhase section */

/* Begin PBXSourcesBuildPhase section */
		4A765427273998630020A7BA /* Sources */ = {
			isa = PBXSourcesBuildPhase;
			buildActionMask = 2147483647;
			files = (
				4A765466273999A90020A7BA /* SegmentTabView.swift in Sources */,
				4A765431273998630020A7BA /* ContentView.swift in Sources */,
				4A76545E273999120020A7BA /* CustomSegmentView.swift in Sources */,
				4A76542F273998630020A7BA /* CustomSegment_SwiftUIApp.swift in Sources */,
			);
			runOnlyForDeploymentPostprocessing = 0;
		};
		4A765438273998660020A7BA /* Sources */ = {
			isa = PBXSourcesBuildPhase;
			buildActionMask = 2147483647;
			files = (
				4A765441273998660020A7BA /* CustomSegment_SwiftUITests.swift in Sources */,
			);
			runOnlyForDeploymentPostprocessing = 0;
		};
		4A765443273998660020A7BA /* Sources */ = {
			isa = PBXSourcesBuildPhase;
			buildActionMask = 2147483647;
			files = (
				4A76544C273998660020A7BA /* CustomSegment_SwiftUIUITests.swift in Sources */,
			);
			runOnlyForDeploymentPostprocessing = 0;
		};
/* End PBXSourcesBuildPhase section */

/* Begin PBXTargetDependency section */
		4A76543E273998660020A7BA /* PBXTargetDependency */ = {
			isa = PBXTargetDependency;
			target = 4A76542A273998630020A7BA /* CustomSegment-SwiftUI */;
			targetProxy = 4A76543D273998660020A7BA /* PBXContainerItemProxy */;
		};
		4A765449273998660020A7BA /* PBXTargetDependency */ = {
			isa = PBXTargetDependency;
			target = 4A76542A273998630020A7BA /* CustomSegment-SwiftUI */;
			targetProxy = 4A765448273998660020A7BA /* PBXContainerItemProxy */;
		};
/* End PBXTargetDependency section */

/* Begin XCBuildConfiguration section */
		4A76544E273998660020A7BA /* Debug */ = {
			isa = XCBuildConfiguration;
			buildSettings = {
				ALWAYS_SEARCH_USER_PATHS = NO;
				CLANG_ANALYZER_NONNULL = YES;
				CLANG_ANALYZER_NUMBER_OBJECT_CONVERSION = YES_AGGRESSIVE;
				CLANG_CXX_LANGUAGE_STANDARD = "gnu++14";
				CLANG_CXX_LIBRARY = "libc++";
				CLANG_ENABLE_MODULES = YES;
				CLANG_ENABLE_OBJC_ARC = YES;
				CLANG_ENABLE_OBJC_WEAK = YES;
				CLANG_WARN_BLOCK_CAPTURE_AUTORELEASING = YES;
				CLANG_WARN_BOOL_CONVERSION = YES;
				CLANG_WARN_COMMA = YES;
				CLANG_WARN_CONSTANT_CONVERSION = YES;
				CLANG_WARN_DEPRECATED_OBJC_IMPLEMENTATIONS = YES;
				CLANG_WARN_DIRECT_OBJC_ISA_USAGE = YES_ERROR;
				CLANG_WARN_DOCUMENTATION_COMMENTS = YES;
				CLANG_WARN_EMPTY_BODY = YES;
				CLANG_WARN_ENUM_CONVERSION = YES;
				CLANG_WARN_INFINITE_RECURSION = YES;
				CLANG_WARN_INT_CONVERSION = YES;
				CLANG_WARN_NON_LITERAL_NULL_CONVERSION = YES;
				CLANG_WARN_OBJC_IMPLICIT_RETAIN_SELF = YES;
				CLANG_WARN_OBJC_LITERAL_CONVERSION = YES;
				CLANG_WARN_OBJC_ROOT_CLASS = YES_ERROR;
				CLANG_WARN_QUOTED_INCLUDE_IN_FRAMEWORK_HEADER = YES;
				CLANG_WARN_RANGE_LOOP_ANALYSIS = YES;
				CLANG_WARN_STRICT_PROTOTYPES = YES;
				CLANG_WARN_SUSPICIOUS_MOVE = YES;
				CLANG_WARN_UNGUARDED_AVAILABILITY = YES_AGGRESSIVE;
				CLANG_WARN_UNREACHABLE_CODE = YES;
				CLANG_WARN__DUPLICATE_METHOD_MATCH = YES;
				COPY_PHASE_STRIP = NO;
				DEBUG_INFORMATION_FORMAT = dwarf;
				ENABLE_STRICT_OBJC_MSGSEND = YES;
				ENABLE_TESTABILITY = YES;
				GCC_C_LANGUAGE_STANDARD = gnu11;
				GCC_DYNAMIC_NO_PIC = NO;
				GCC_NO_COMMON_BLOCKS = YES;
				GCC_OPTIMIZATION_LEVEL = 0;
				GCC_PREPROCESSOR_DEFINITIONS = (
					"DEBUG=1",
					"$(inherited)",
				);
				GCC_WARN_64_TO_32_BIT_CONVERSION = YES;
				GCC_WARN_ABOUT_RETURN_TYPE = YES_ERROR;
				GCC_WARN_UNDECLARED_SELECTOR = YES;
				GCC_WARN_UNINITIALIZED_AUTOS = YES_AGGRESSIVE;
				GCC_WARN_UNUSED_FUNCTION = YES;
				GCC_WARN_UNUSED_VARIABLE = YES;
				IPHONEOS_DEPLOYMENT_TARGET = 14.4;
				MTL_ENABLE_DEBUG_INFO = INCLUDE_SOURCE;
				MTL_FAST_MATH = YES;
				ONLY_ACTIVE_ARCH = YES;
				SDKROOT = iphoneos;
				SWIFT_ACTIVE_COMPILATION_CONDITIONS = DEBUG;
				SWIFT_OPTIMIZATION_LEVEL = "-Onone";
			};
			name = Debug;
		};
		4A76544F273998660020A7BA /* Release */ = {
			isa = XCBuildConfiguration;
			buildSettings = {
				ALWAYS_SEARCH_USER_PATHS = NO;
				CLANG_ANALYZER_NONNULL = YES;
				CLANG_ANALYZER_NUMBER_OBJECT_CONVERSION = YES_AGGRESSIVE;
				CLANG_CXX_LANGUAGE_STANDARD = "gnu++14";
				CLANG_CXX_LIBRARY = "libc++";
				CLANG_ENABLE_MODULES = YES;
				CLANG_ENABLE_OBJC_ARC = YES;
				CLANG_ENABLE_OBJC_WEAK = YES;
				CLANG_WARN_BLOCK_CAPTURE_AUTORELEASING = YES;
				CLANG_WARN_BOOL_CONVERSION = YES;
				CLANG_WARN_COMMA = YES;
				CLANG_WARN_CONSTANT_CONVERSION = YES;
				CLANG_WARN_DEPRECATED_OBJC_IMPLEMENTATIONS = YES;
				CLANG_WARN_DIRECT_OBJC_ISA_USAGE = YES_ERROR;
				CLANG_WARN_DOCUMENTATION_COMMENTS = YES;
				CLANG_WARN_EMPTY_BODY = YES;
				CLANG_WARN_ENUM_CONVERSION = YES;
				CLANG_WARN_INFINITE_RECURSION = YES;
				CLANG_WARN_INT_CONVERSION = YES;
				CLANG_WARN_NON_LITERAL_NULL_CONVERSION = YES;
				CLANG_WARN_OBJC_IMPLICIT_RETAIN_SELF = YES;
				CLANG_WARN_OBJC_LITERAL_CONVERSION = YES;
				CLANG_WARN_OBJC_ROOT_CLASS = YES_ERROR;
				CLANG_WARN_QUOTED_INCLUDE_IN_FRAMEWORK_HEADER = YES;
				CLANG_WARN_RANGE_LOOP_ANALYSIS = YES;
				CLANG_WARN_STRICT_PROTOTYPES = YES;
				CLANG_WARN_SUSPICIOUS_MOVE = YES;
				CLANG_WARN_UNGUARDED_AVAILABILITY = YES_AGGRESSIVE;
				CLANG_WARN_UNREACHABLE_CODE = YES;
				CLANG_WARN__DUPLICATE_METHOD_MATCH = YES;
				COPY_PHASE_STRIP = NO;
				DEBUG_INFORMATION_FORMAT = "dwarf-with-dsym";
				ENABLE_NS_ASSERTIONS = NO;
				ENABLE_STRICT_OBJC_MSGSEND = YES;
				GCC_C_LANGUAGE_STANDARD = gnu11;
				GCC_NO_COMMON_BLOCKS = YES;
				GCC_WARN_64_TO_32_BIT_CONVERSION = YES;
				GCC_WARN_ABOUT_RETURN_TYPE = YES_ERROR;
				GCC_WARN_UNDECLARED_SELECTOR = YES;
				GCC_WARN_UNINITIALIZED_AUTOS = YES_AGGRESSIVE;
				GCC_WARN_UNUSED_FUNCTION = YES;
				GCC_WARN_UNUSED_VARIABLE = YES;
				IPHONEOS_DEPLOYMENT_TARGET = 14.4;
				MTL_ENABLE_DEBUG_INFO = NO;
				MTL_FAST_MATH = YES;
				SDKROOT = iphoneos;
				SWIFT_COMPILATION_MODE = wholemodule;
				SWIFT_OPTIMIZATION_LEVEL = "-O";
				VALIDATE_PRODUCT = YES;
			};
			name = Release;
		};
		4A765451273998660020A7BA /* Debug */ = {
			isa = XCBuildConfiguration;
			buildSettings = {
				ASSETCATALOG_COMPILER_APPICON_NAME = AppIcon;
				ASSETCATALOG_COMPILER_GLOBAL_ACCENT_COLOR_NAME = AccentColor;
				CODE_SIGN_STYLE = Automatic;
				DEVELOPMENT_ASSET_PATHS = "\"CustomSegment-SwiftUI/Preview Content\"";
				DEVELOPMENT_TEAM = K6X56F623L;
				ENABLE_PREVIEWS = YES;
				INFOPLIST_FILE = "CustomSegment-SwiftUI/Info.plist";
				IPHONEOS_DEPLOYMENT_TARGET = 14.0;
				LD_RUNPATH_SEARCH_PATHS = (
					"$(inherited)",
					"@executable_path/Frameworks",
				);
				PRODUCT_BUNDLE_IDENTIFIER = "com.sachindaingade.CustomSegment-SwiftUI";
				PRODUCT_NAME = "$(TARGET_NAME)";
				SWIFT_VERSION = 5.0;
				TARGETED_DEVICE_FAMILY = "1,2";
			};
			name = Debug;
		};
		4A765452273998660020A7BA /* Release */ = {
			isa = XCBuildConfiguration;
			buildSettings = {
				ASSETCATALOG_COMPILER_APPICON_NAME = AppIcon;
				ASSETCATALOG_COMPILER_GLOBAL_ACCENT_COLOR_NAME = AccentColor;
				CODE_SIGN_STYLE = Automatic;
				DEVELOPMENT_ASSET_PATHS = "\"CustomSegment-SwiftUI/Preview Content\"";
				DEVELOPMENT_TEAM = K6X56F623L;
				ENABLE_PREVIEWS = YES;
				INFOPLIST_FILE = "CustomSegment-SwiftUI/Info.plist";
				IPHONEOS_DEPLOYMENT_TARGET = 14.0;
				LD_RUNPATH_SEARCH_PATHS = (
					"$(inherited)",
					"@executable_path/Frameworks",
				);
				PRODUCT_BUNDLE_IDENTIFIER = "com.sachindaingade.CustomSegment-SwiftUI";
				PRODUCT_NAME = "$(TARGET_NAME)";
				SWIFT_VERSION = 5.0;
				TARGETED_DEVICE_FAMILY = "1,2";
			};
			name = Release;
		};
		4A765454273998660020A7BA /* Debug */ = {
			isa = XCBuildConfiguration;
			buildSettings = {
				ALWAYS_EMBED_SWIFT_STANDARD_LIBRARIES = YES;
				BUNDLE_LOADER = "$(TEST_HOST)";
				CODE_SIGN_STYLE = Automatic;
				DEVELOPMENT_TEAM = K6X56F623L;
				INFOPLIST_FILE = "CustomSegment-SwiftUITests/Info.plist";
				IPHONEOS_DEPLOYMENT_TARGET = 14.0;
				LD_RUNPATH_SEARCH_PATHS = (
					"$(inherited)",
					"@executable_path/Frameworks",
					"@loader_path/Frameworks",
				);
				PRODUCT_BUNDLE_IDENTIFIER = "com.sachindaingade.CustomSegment-SwiftUITests";
				PRODUCT_NAME = "$(TARGET_NAME)";
				SWIFT_VERSION = 5.0;
				TARGETED_DEVICE_FAMILY = "1,2";
				TEST_HOST = "$(BUILT_PRODUCTS_DIR)/CustomSegment-SwiftUI.app/CustomSegment-SwiftUI";
			};
			name = Debug;
		};
		4A765455273998660020A7BA /* Release */ = {
			isa = XCBuildConfiguration;
			buildSettings = {
				ALWAYS_EMBED_SWIFT_STANDARD_LIBRARIES = YES;
				BUNDLE_LOADER = "$(TEST_HOST)";
				CODE_SIGN_STYLE = Automatic;
				DEVELOPMENT_TEAM = K6X56F623L;
				INFOPLIST_FILE = "CustomSegment-SwiftUITests/Info.plist";
				IPHONEOS_DEPLOYMENT_TARGET = 14.0;
				LD_RUNPATH_SEARCH_PATHS = (
					"$(inherited)",
					"@executable_path/Frameworks",
					"@loader_path/Frameworks",
				);
				PRODUCT_BUNDLE_IDENTIFIER = "com.sachindaingade.CustomSegment-SwiftUITests";
				PRODUCT_NAME = "$(TARGET_NAME)";
				SWIFT_VERSION = 5.0;
				TARGETED_DEVICE_FAMILY = "1,2";
				TEST_HOST = "$(BUILT_PRODUCTS_DIR)/CustomSegment-SwiftUI.app/CustomSegment-SwiftUI";
			};
			name = Release;
		};
		4A765457273998660020A7BA /* Debug */ = {
			isa = XCBuildConfiguration;
			buildSettings = {
				ALWAYS_EMBED_SWIFT_STANDARD_LIBRARIES = YES;
				CODE_SIGN_STYLE = Automatic;
				DEVELOPMENT_TEAM = K6X56F623L;
				INFOPLIST_FILE = "CustomSegment-SwiftUIUITests/Info.plist";
				LD_RUNPATH_SEARCH_PATHS = (
					"$(inherited)",
					"@executable_path/Frameworks",
					"@loader_path/Frameworks",
				);
				PRODUCT_BUNDLE_IDENTIFIER = "com.sachindaingade.CustomSegment-SwiftUIUITests";
				PRODUCT_NAME = "$(TARGET_NAME)";
				SWIFT_VERSION = 5.0;
				TARGETED_DEVICE_FAMILY = "1,2";
				TEST_TARGET_NAME = "CustomSegment-SwiftUI";
			};
			name = Debug;
		};
		4A765458273998660020A7BA /* Release */ = {
			isa = XCBuildConfiguration;
			buildSettings = {
				ALWAYS_EMBED_SWIFT_STANDARD_LIBRARIES = YES;
				CODE_SIGN_STYLE = Automatic;
				DEVELOPMENT_TEAM = K6X56F623L;
				INFOPLIST_FILE = "CustomSegment-SwiftUIUITests/Info.plist";
				LD_RUNPATH_SEARCH_PATHS = (
					"$(inherited)",
					"@executable_path/Frameworks",
					"@loader_path/Frameworks",
				);
				PRODUCT_BUNDLE_IDENTIFIER = "com.sachindaingade.CustomSegment-SwiftUIUITests";
				PRODUCT_NAME = "$(TARGET_NAME)";
				SWIFT_VERSION = 5.0;
				TARGETED_DEVICE_FAMILY = "1,2";
				TEST_TARGET_NAME = "CustomSegment-SwiftUI";
			};
			name = Release;
		};
/* End XCBuildConfiguration section */

/* Begin XCConfigurationList section */
		4A765426273998630020A7BA /* Build configuration list for PBXProject "CustomSegment-SwiftUI" */ = {
			isa = XCConfigurationList;
			buildConfigurations = (
				4A76544E273998660020A7BA /* Debug */,
				4A76544F273998660020A7BA /* Release */,
			);
			defaultConfigurationIsVisible = 0;
			defaultConfigurationName = Release;
		};
		4A765450273998660020A7BA /* Build configuration list for PBXNativeTarget "CustomSegment-SwiftUI" */ = {
			isa = XCConfigurationList;
			buildConfigurations = (
				4A765451273998660020A7BA /* Debug */,
				4A765452273998660020A7BA /* Release */,
			);
			defaultConfigurationIsVisible = 0;
			defaultConfigurationName = Release;
		};
		4A765453273998660020A7BA /* Build configuration list for PBXNativeTarget "CustomSegment-SwiftUITests" */ = {
			isa = XCConfigurationList;
			buildConfigurations = (
				4A765454273998660020A7BA /* Debug */,
				4A765455273998660020A7BA /* Release */,
			);
			defaultConfigurationIsVisible = 0;
			defaultConfigurationName = Release;
		};
		4A765456273998660020A7BA /* Build configuration list for PBXNativeTarget "CustomSegment-SwiftUIUITests" */ = {
			isa = XCConfigurationList;
			buildConfigurations = (
				4A765457273998660020A7BA /* Debug */,
				4A765458273998660020A7BA /* Release */,
			);
			defaultConfigurationIsVisible = 0;
			defaultConfigurationName = Release;
		};
/* End XCConfigurationList section */
	};
	rootObject = 4A765423273998630020A7BA /* Project object */;
}
